{
  "name": "yet-another-simple-image-converter",
  "lockfileVersion": 2,
  "requires": true,
  "packages": {
    "": {
      "dependencies": {
        "image-converter-pro": "^1.0.2"
      }
    },
    "node_modules/image-converter-pro": {
      "version": "1.0.2",
      "resolved": "https://registry.npmjs.org/image-converter-pro/-/image-converter-pro-1.0.2.tgz",
      "integrity": "sha512-ORhGqgxyj0a1LTXjR/YLMKNJWShWf8aXKXFOoQmF5vbiQiu0Zn+U+gNijH4P/8Qv+Cywih3LsYYElnOLLecfqg=="
    }
  },
  "dependencies": {
    "image-converter-pro": {
      "version": "1.0.2",
      "resolved": "https://registry.npmjs.org/image-converter-pro/-/image-converter-pro-1.0.2.tgz",
      "integrity": "sha512-ORhGqgxyj0a1LTXjR/YLMKNJWShWf8aXKXFOoQmF5vbiQiu0Zn+U+gNijH4P/8Qv+Cywih3LsYYElnOLLecfqg=="
    }
  }
}
